
Microsoft Visual Studio Solution File, Format Version 12.00
# Visual Studio Version 17
VisualStudioVersion = 17.9.34607.119
MinimumVisualStudioVersion = 10.0.40219.1
Project("{9A19103F-16F7-4668-BE54-9A1E7A4F7556}") = "ProductsApi", "ProductsApi\ProductsApi.csproj", "{EDACF4BB-1DD7-458C-9438-8F4B785C2EEB}"
EndProject
Project("{E53339B2-1760-4266-BCC7-CA923CBCF16C}") = "docker-compose", "docker-compose.dcproj", "{92C9057E-2190-4A74-960E-913B04E3F8D3}"
EndProject
Global
	GlobalSection(SolutionConfigurationPlatforms) = preSolution
		Debug|Any CPU = Debug|Any CPU
		Release|Any CPU = Release|Any CPU
	EndGlobalSection
	GlobalSection(ProjectConfigurationPlatforms) = postSolution
		{EDACF4BB-1DD7-458C-9438-8F4B785C2EEB}.Debug|Any CPU.ActiveCfg = Debug|Any CPU
		{EDACF4BB-1DD7-458C-9438-8F4B785C2EEB}.Debug|Any CPU.Build.0 = Debug|Any CPU
		{EDACF4BB-1DD7-458C-9438-8F4B785C2EEB}.Release|Any CPU.ActiveCfg = Release|Any CPU
		{EDACF4BB-1DD7-458C-9438-8F4B785C2EEB}.Release|Any CPU.Build.0 = Release|Any CPU
		{92C9057E-2190-4A74-960E-913B04E3F8D3}.Debug|Any CPU.ActiveCfg = Debug|Any CPU
		{92C9057E-2190-4A74-960E-913B04E3F8D3}.Debug|Any CPU.Build.0 = Debug|Any CPU
		{92C9057E-2190-4A74-960E-913B04E3F8D3}.Release|Any CPU.ActiveCfg = Release|Any CPU
		{92C9057E-2190-4A74-960E-913B04E3F8D3}.Release|Any CPU.Build.0 = Release|Any CPU
	EndGlobalSection
	GlobalSection(SolutionProperties) = preSolution
		HideSolutionNode = FALSE
	EndGlobalSection
	GlobalSection(ExtensibilityGlobals) = postSolution
		SolutionGuid = {68298178-5B33-4A0B-B884-F7104971E7DA}
	EndGlobalSection
EndGlobal
